// !$*UTF8*$!
{
	archiveVersion = 1;
	classes = {
	};
	objectVersion = 50;
	objects = {

/* Begin PBXBuildFile section */
		6B061AA757669B4DC75952C1 /* Pods_FRPApplicationTests.framework in Frameworks */ = {isa = PBXBuildFile; fileRef = 6FD251A6E3D4D33032EDD5E9 /* Pods_FRPApplicationTests.framework */; };
		BCF3E5FF218F982100EDF773 /* AppDelegate.swift in Sources */ = {isa = PBXBuildFile; fileRef = BCF3E5FE218F982100EDF773 /* AppDelegate.swift */; };
		BCF3E601218F982100EDF773 /* ViewController.swift in Sources */ = {isa = PBXBuildFile; fileRef = BCF3E600218F982100EDF773 /* ViewController.swift */; };
		BCF3E604218F982100EDF773 /* Main.storyboard in Resources */ = {isa = PBXBuildFile; fileRef = BCF3E602218F982100EDF773 /* Main.storyboard */; };
		BCF3E606218F982400EDF773 /* Assets.xcassets in Resources */ = {isa = PBXBuildFile; fileRef = BCF3E605218F982400EDF773 /* Assets.xcassets */; };
		BCF3E609218F982400EDF773 /* LaunchScreen.storyboard in Resources */ = {isa = PBXBuildFile; fileRef = BCF3E607218F982400EDF773 /* LaunchScreen.storyboard */; };
		BCF3E614218F982400EDF773 /* FRPApplicationTests.swift in Sources */ = {isa = PBXBuildFile; fileRef = BCF3E613218F982400EDF773 /* FRPApplicationTests.swift */; };
		BCF3E61F218F982400EDF773 /* FRPApplicationUITests.swift in Sources */ = {isa = PBXBuildFile; fileRef = BCF3E61E218F982400EDF773 /* FRPApplicationUITests.swift */; };
		BCF3E62D218F9CD200EDF773 /* LoginViewModel.swift in Sources */ = {isa = PBXBuildFile; fileRef = BCF3E62C218F9CD200EDF773 /* LoginViewModel.swift */; };
		CF2013E656640BC8080ED4FD /* Pods_FRPApplicationUITests.framework in Frameworks */ = {isa = PBXBuildFile; fileRef = 657E36BD4A6128F19D8498C2 /* Pods_FRPApplicationUITests.framework */; };
		D540B3D01768B1E8CDBB26D5 /* Pods_FRPApplication.framework in Frameworks */ = {isa = PBXBuildFile; fileRef = 87DA630D77BDC01AB65BE0F3 /* Pods_FRPApplication.framework */; };
/* End PBXBuildFile section */

/* Begin PBXContainerItemProxy section */
		BCF3E610218F982400EDF773 /* PBXContainerItemProxy */ = {
			isa = PBXContainerItemProxy;
			containerPortal = BCF3E5F3218F982100EDF773 /* Project object */;
			proxyType = 1;
			remoteGlobalIDString = BCF3E5FA218F982100EDF773;
			remoteInfo = FRPApplication;
		};
		BCF3E61B218F982400EDF773 /* PBXContainerItemProxy */ = {
			isa = PBXContainerItemProxy;
			containerPortal = BCF3E5F3218F982100EDF773 /* Project object */;
			proxyType = 1;
			remoteGlobalIDString = BCF3E5FA218F982100EDF773;
			remoteInfo = FRPApplication;
		};
/* End PBXContainerItemProxy section */

/* Begin PBXFileReference section */
		2687DB0C02F7673BE6B61936 /* Pods-FRPApplication.release.xcconfig */ = {isa = PBXFileReference; includeInIndex = 1; lastKnownFileType = text.xcconfig; name = "Pods-FRPApplication.release.xcconfig"; path = "Pods/Target Support Files/Pods-FRPApplication/Pods-FRPApplication.release.xcconfig"; sourceTree = "<group>"; };
		4FAEED93A0D21E8C0E2B440D /* Pods-FRPApplication.debug.xcconfig */ = {isa = PBXFileReference; includeInIndex = 1; lastKnownFileType = text.xcconfig; name = "Pods-FRPApplication.debug.xcconfig"; path = "Pods/Target Support Files/Pods-FRPApplication/Pods-FRPApplication.debug.xcconfig"; sourceTree = "<group>"; };
		657E36BD4A6128F19D8498C2 /* Pods_FRPApplicationUITests.framework */ = {isa = PBXFileReference; explicitFileType = wrapper.framework; includeInIndex = 0; path = Pods_FRPApplicationUITests.framework; sourceTree = BUILT_PRODUCTS_DIR; };
		6FD251A6E3D4D33032EDD5E9 /* Pods_FRPApplicationTests.framework */ = {isa = PBXFileReference; explicitFileType = wrapper.framework; includeInIndex = 0; path = Pods_FRPApplicationTests.framework; sourceTree = BUILT_PRODUCTS_DIR; };
		7638FDC717664B0793B34C7B /* Pods-FRPApplicationTests.release.xcconfig */ = {isa = PBXFileReference; includeInIndex = 1; lastKnownFileType = text.xcconfig; name = "Pods-FRPApplicationTests.release.xcconfig"; path = "Pods/Target Support Files/Pods-FRPApplicationTests/Pods-FRPApplicationTests.release.xcconfig"; sourceTree = "<group>"; };
		87DA630D77BDC01AB65BE0F3 /* Pods_FRPApplication.framework */ = {isa = PBXFileReference; explicitFileType = wrapper.framework; includeInIndex = 0; path = Pods_FRPApplication.framework; sourceTree = BUILT_PRODUCTS_DIR; };
		BCF3E5FB218F982100EDF773 /* FRPApplication.app */ = {isa = PBXFileReference; explicitFileType = wrapper.application; includeInIndex = 0; path = FRPApplication.app; sourceTree = BUILT_PRODUCTS_DIR; };
		BCF3E5FE218F982100EDF773 /* AppDelegate.swift */ = {isa = PBXFileReference; lastKnownFileType = sourcecode.swift; path = AppDelegate.swift; sourceTree = "<group>"; };
		BCF3E600218F982100EDF773 /* ViewController.swift */ = {isa = PBXFileReference; lastKnownFileType = sourcecode.swift; path = ViewController.swift; sourceTree = "<group>"; };
		BCF3E603218F982100EDF773 /* Base */ = {isa = PBXFileReference; lastKnownFileType = file.storyboard; name = Base; path = Base.lproj/Main.storyboard; sourceTree = "<group>"; };
		BCF3E605218F982400EDF773 /* Assets.xcassets */ = {isa = PBXFileReference; lastKnownFileType = folder.assetcatalog; path = Assets.xcassets; sourceTree = "<group>"; };
		BCF3E608218F982400EDF773 /* Base */ = {isa = PBXFileReference; lastKnownFileType = file.storyboard; name = Base; path = Base.lproj/LaunchScreen.storyboard; sourceTree = "<group>"; };
		BCF3E60A218F982400EDF773 /* Info.plist */ = {isa = PBXFileReference; lastKnownFileType = text.plist.xml; path = Info.plist; sourceTree = "<group>"; };
		BCF3E60F218F982400EDF773 /* FRPApplicationTests.xctest */ = {isa = PBXFileReference; explicitFileType = wrapper.cfbundle; includeInIndex = 0; path = FRPApplicationTests.xctest; sourceTree = BUILT_PRODUCTS_DIR; };
		BCF3E613218F982400EDF773 /* FRPApplicationTests.swift */ = {isa = PBXFileReference; lastKnownFileType = sourcecode.swift; path = FRPApplicationTests.swift; sourceTree = "<group>"; };
		BCF3E615218F982400EDF773 /* Info.plist */ = {isa = PBXFileReference; lastKnownFileType = text.plist.xml; path = Info.plist; sourceTree = "<group>"; };
		BCF3E61A218F982400EDF773 /* FRPApplicationUITests.xctest */ = {isa = PBXFileReference; explicitFileType = wrapper.cfbundle; includeInIndex = 0; path = FRPApplicationUITests.xctest; sourceTree = BUILT_PRODUCTS_DIR; };
		BCF3E61E218F982400EDF773 /* FRPApplicationUITests.swift */ = {isa = PBXFileReference; lastKnownFileType = sourcecode.swift; path = FRPApplicationUITests.swift; sourceTree = "<group>"; };
		BCF3E620218F982400EDF773 /* Info.plist */ = {isa = PBXFileReference; lastKnownFileType = text.plist.xml; path = Info.plist; sourceTree = "<group>"; };
		BCF3E62C218F9CD200EDF773 /* LoginViewModel.swift */ = {isa = PBXFileReference; lastKnownFileType = sourcecode.swift; path = LoginViewModel.swift; sourceTree = "<group>"; };
		CA38D7955F9A3AD1E01E1B31 /* Pods-FRPApplicationUITests.debug.xcconfig */ = {isa = PBXFileReference; includeInIndex = 1; lastKnownFileType = text.xcconfig; name = "Pods-FRPApplicationUITests.debug.xcconfig"; path = "Pods/Target Support Files/Pods-FRPApplicationUITests/Pods-FRPApplicationUITests.debug.xcconfig"; sourceTree = "<group>"; };
		E26E483FC1A7F26E9949456E /* Pods-FRPApplicationTests.debug.xcconfig */ = {isa = PBXFileReference; includeInIndex = 1; lastKnownFileType = text.xcconfig; name = "Pods-FRPApplicationTests.debug.xcconfig"; path = "Pods/Target Support Files/Pods-FRPApplicationTests/Pods-FRPApplicationTests.debug.xcconfig"; sourceTree = "<group>"; };
		E8DB6A2A0B58532080010FFC /* Pods-FRPApplicationUITests.release.xcconfig */ = {isa = PBXFileReference; includeInIndex = 1; lastKnownFileType = text.xcconfig; name = "Pods-FRPApplicationUITests.release.xcconfig"; path = "Pods/Target Support Files/Pods-FRPApplicationUITests/Pods-FRPApplicationUITests.release.xcconfig"; sourceTree = "<group>"; };
/* End PBXFileReference section */

/* Begin PBXFrameworksBuildPhase section */
		BCF3E5F8218F982100EDF773 /* Frameworks */ = {
			isa = PBXFrameworksBuildPhase;
			buildActionMask = 2147483647;
			files = (
				D540B3D01768B1E8CDBB26D5 /* Pods_FRPApplication.framework in Frameworks */,
			);
			runOnlyForDeploymentPostprocessing = 0;
		};
		BCF3E60C218F982400EDF773 /* Frameworks */ = {
			isa = PBXFrameworksBuildPhase;
			buildActionMask = 2147483647;
			files = (
				6B061AA757669B4DC75952C1 /* Pods_FRPApplicationTests.framework in Frameworks */,
			);
			runOnlyForDeploymentPostprocessing = 0;
		};
		BCF3E617218F982400EDF773 /* Frameworks */ = {
			isa = PBXFrameworksBuildPhase;
			buildActionMask = 2147483647;
			files = (
				CF2013E656640BC8080ED4FD /* Pods_FRPApplicationUITests.framework in Frameworks */,
			);
			runOnlyForDeploymentPostprocessing = 0;
		};
/* End PBXFrameworksBuildPhase section */

/* Begin PBXGroup section */
		63F06D0DDD1052BDF511CDBB /* Frameworks */ = {
			isa = PBXGroup;
			children = (
				87DA630D77BDC01AB65BE0F3 /* Pods_FRPApplication.framework */,
				6FD251A6E3D4D33032EDD5E9 /* Pods_FRPApplicationTests.framework */,
				657E36BD4A6128F19D8498C2 /* Pods_FRPApplicationUITests.framework */,
			);
			name = Frameworks;
			sourceTree = "<group>";
		};
		BCF3E5F2218F982100EDF773 = {
			isa = PBXGroup;
			children = (
				BCF3E5FD218F982100EDF773 /* FRPApplication */,
				BCF3E612218F982400EDF773 /* FRPApplicationTests */,
				BCF3E61D218F982400EDF773 /* FRPApplicationUITests */,
				BCF3E5FC218F982100EDF773 /* Products */,
				E88CA45248EE9D59D1809E73 /* Pods */,
				63F06D0DDD1052BDF511CDBB /* Frameworks */,
			);
			sourceTree = "<group>";
		};
		BCF3E5FC218F982100EDF773 /* Products */ = {
			isa = PBXGroup;
			children = (
				BCF3E5FB218F982100EDF773 /* FRPApplication.app */,
				BCF3E60F218F982400EDF773 /* FRPApplicationTests.xctest */,
				BCF3E61A218F982400EDF773 /* FRPApplicationUITests.xctest */,
			);
			name = Products;
			sourceTree = "<group>";
		};
		BCF3E5FD218F982100EDF773 /* FRPApplication */ = {
			isa = PBXGroup;
			children = (
				BCF3E5FE218F982100EDF773 /* AppDelegate.swift */,
				BCF3E600218F982100EDF773 /* ViewController.swift */,
				BCF3E62C218F9CD200EDF773 /* LoginViewModel.swift */,
				BCF3E602218F982100EDF773 /* Main.storyboard */,
				BCF3E605218F982400EDF773 /* Assets.xcassets */,
				BCF3E607218F982400EDF773 /* LaunchScreen.storyboard */,
				BCF3E60A218F982400EDF773 /* Info.plist */,
			);
			path = FRPApplication;
			sourceTree = "<group>";
		};
		BCF3E612218F982400EDF773 /* FRPApplicationTests */ = {
			isa = PBXGroup;
			children = (
				BCF3E613218F982400EDF773 /* FRPApplicationTests.swift */,
				BCF3E615218F982400EDF773 /* Info.plist */,
			);
			path = FRPApplicationTests;
			sourceTree = "<group>";
		};
		BCF3E61D218F982400EDF773 /* FRPApplicationUITests */ = {
			isa = PBXGroup;
			children = (
				BCF3E61E218F982400EDF773 /* FRPApplicationUITests.swift */,
				BCF3E620218F982400EDF773 /* Info.plist */,
			);
			path = FRPApplicationUITests;
			sourceTree = "<group>";
		};
		E88CA45248EE9D59D1809E73 /* Pods */ = {
			isa = PBXGroup;
			children = (
				4FAEED93A0D21E8C0E2B440D /* Pods-FRPApplication.debug.xcconfig */,
				2687DB0C02F7673BE6B61936 /* Pods-FRPApplication.release.xcconfig */,
				E26E483FC1A7F26E9949456E /* Pods-FRPApplicationTests.debug.xcconfig */,
				7638FDC717664B0793B34C7B /* Pods-FRPApplicationTests.release.xcconfig */,
				CA38D7955F9A3AD1E01E1B31 /* Pods-FRPApplicationUITests.debug.xcconfig */,
				E8DB6A2A0B58532080010FFC /* Pods-FRPApplicationUITests.release.xcconfig */,
			);
			name = Pods;
			sourceTree = "<group>";
		};
/* End PBXGroup section */

/* Begin PBXNativeTarget section */
		BCF3E5FA218F982100EDF773 /* FRPApplication */ = {
			isa = PBXNativeTarget;
			buildConfigurationList = BCF3E623218F982400EDF773 /* Build configuration list for PBXNativeTarget "FRPApplication" */;
			buildPhases = (
				FC9AEE39AF9093FC2DA046DE /* [CP] Check Pods Manifest.lock */,
				BCF3E5F7218F982100EDF773 /* Sources */,
				BCF3E5F8218F982100EDF773 /* Frameworks */,
				BCF3E5F9218F982100EDF773 /* Resources */,
				14963A6ED6B9DBF045450CB2 /* [CP] Embed Pods Frameworks */,
			);
			buildRules = (
			);
			dependencies = (
			);
			name = FRPApplication;
			productName = FRPApplication;
			productReference = BCF3E5FB218F982100EDF773 /* FRPApplication.app */;
			productType = "com.apple.product-type.application";
		};
		BCF3E60E218F982400EDF773 /* FRPApplicationTests */ = {
			isa = PBXNativeTarget;
			buildConfigurationList = BCF3E626218F982400EDF773 /* Build configuration list for PBXNativeTarget "FRPApplicationTests" */;
			buildPhases = (
				D3723C6638A48D07808DCED9 /* [CP] Check Pods Manifest.lock */,
				BCF3E60B218F982400EDF773 /* Sources */,
				BCF3E60C218F982400EDF773 /* Frameworks */,
				BCF3E60D218F982400EDF773 /* Resources */,
				2D5D07B909BA3B21A5A23160 /* [CP] Embed Pods Frameworks */,
			);
			buildRules = (
			);
			dependencies = (
				BCF3E611218F982400EDF773 /* PBXTargetDependency */,
			);
			name = FRPApplicationTests;
			productName = FRPApplicationTests;
			productReference = BCF3E60F218F982400EDF773 /* FRPApplicationTests.xctest */;
			productType = "com.apple.product-type.bundle.unit-test";
		};
		BCF3E619218F982400EDF773 /* FRPApplicationUITests */ = {
			isa = PBXNativeTarget;
			buildConfigurationList = BCF3E629218F982400EDF773 /* Build configuration list for PBXNativeTarget "FRPApplicationUITests" */;
			buildPhases = (
				F54D6ED9F3DB6A9A09030EDC /* [CP] Check Pods Manifest.lock */,
				BCF3E616218F982400EDF773 /* Sources */,
				BCF3E617218F982400EDF773 /* Frameworks */,
				BCF3E618218F982400EDF773 /* Resources */,
			);
			buildRules = (
			);
			dependencies = (
				BCF3E61C218F982400EDF773 /* PBXTargetDependency */,
			);
			name = FRPApplicationUITests;
			productName = FRPApplicationUITests;
			productReference = BCF3E61A218F982400EDF773 /* FRPApplicationUITests.xctest */;
			productType = "com.apple.product-type.bundle.ui-testing";
		};
/* End PBXNativeTarget section */

/* Begin PBXProject section */
		BCF3E5F3218F982100EDF773 /* Project object */ = {
			isa = PBXProject;
			attributes = {
				LastSwiftUpdateCheck = 1000;
				LastUpgradeCheck = 1000;
				ORGANIZATIONNAME = KarimEbrahem;
				TargetAttributes = {
					BCF3E5FA218F982100EDF773 = {
						CreatedOnToolsVersion = 10.0;
					};
					BCF3E60E218F982400EDF773 = {
						CreatedOnToolsVersion = 10.0;
						TestTargetID = BCF3E5FA218F982100EDF773;
					};
					BCF3E619218F982400EDF773 = {
						CreatedOnToolsVersion = 10.0;
						TestTargetID = BCF3E5FA218F982100EDF773;
					};
				};
			};
			buildConfigurationList = BCF3E5F6218F982100EDF773 /* Build configuration list for PBXProject "FRPApplication" */;
			compatibilityVersion = "Xcode 9.3";
			developmentRegion = en;
			hasScannedForEncodings = 0;
			knownRegions = (
				en,
				Base,
			);
			mainGroup = BCF3E5F2218F982100EDF773;
			productRefGroup = BCF3E5FC218F982100EDF773 /* Products */;
			projectDirPath = "";
			projectRoot = "";
			targets = (
				BCF3E5FA218F982100EDF773 /* FRPApplication */,
				BCF3E60E218F982400EDF773 /* FRPApplicationTests */,
				BCF3E619218F982400EDF773 /* FRPApplicationUITests */,
			);
		};
/* End PBXProject section */

/* Begin PBXResourcesBuildPhase section */
		BCF3E5F9218F982100EDF773 /* Resources */ = {
			isa = PBXResourcesBuildPhase;
			buildActionMask = 2147483647;
			files = (
				BCF3E609218F982400EDF773 /* LaunchScreen.storyboard in Resources */,
				BCF3E606218F982400EDF773 /* Assets.xcassets in Resources */,
				BCF3E604218F982100EDF773 /* Main.storyboard in Resources */,
			);
			runOnlyForDeploymentPostprocessing = 0;
		};
		BCF3E60D218F982400EDF773 /* Resources */ = {
			isa = PBXResourcesBuildPhase;
			buildActionMask = 2147483647;
			files = (
			);
			runOnlyForDeploymentPostprocessing = 0;
		};
		BCF3E618218F982400EDF773 /* Resources */ = {
			isa = PBXResourcesBuildPhase;
			buildActionMask = 2147483647;
			files = (
			);
			runOnlyForDeploymentPostprocessing = 0;
		};
/* End PBXResourcesBuildPhase section */

/* Begin PBXShellScriptBuildPhase section */
		14963A6ED6B9DBF045450CB2 /* [CP] Embed Pods Frameworks */ = {
			isa = PBXShellScriptBuildPhase;
			buildActionMask = 2147483647;
			files = (
			);
			inputFileListPaths = (
			);
			inputPaths = (
				"${SRCROOT}/Pods/Target Support Files/Pods-FRPApplication/Pods-FRPApplication-frameworks.sh",
				"${BUILT_PRODUCTS_DIR}/RxCocoa/RxCocoa.framework",
				"${BUILT_PRODUCTS_DIR}/RxSwift/RxSwift.framework",
			);
			name = "[CP] Embed Pods Frameworks";
			outputFileListPaths = (
			);
			outputPaths = (
				"${TARGET_BUILD_DIR}/${FRAMEWORKS_FOLDER_PATH}/RxCocoa.framework",
				"${TARGET_BUILD_DIR}/${FRAMEWORKS_FOLDER_PATH}/RxSwift.framework",
			);
			runOnlyForDeploymentPostprocessing = 0;
			shellPath = /bin/sh;
			shellScript = "\"${SRCROOT}/Pods/Target Support Files/Pods-FRPApplication/Pods-FRPApplication-frameworks.sh\"\n";
			showEnvVarsInLog = 0;
		};
		2D5D07B909BA3B21A5A23160 /* [CP] Embed Pods Frameworks */ = {
			isa = PBXShellScriptBuildPhase;
			buildActionMask = 2147483647;
			files = (
			);
			inputFileListPaths = (
			);
			inputPaths = (
				"${SRCROOT}/Pods/Target Support Files/Pods-FRPApplicationTests/Pods-FRPApplicationTests-frameworks.sh",
				"${BUILT_PRODUCTS_DIR}/RxSwift/RxSwift.framework",
				"${BUILT_PRODUCTS_DIR}/RxBlocking/RxBlocking.framework",
				"${BUILT_PRODUCTS_DIR}/RxTest/RxTest.framework",
			);
			name = "[CP] Embed Pods Frameworks";
			outputFileListPaths = (
			);
			outputPaths = (
				"${TARGET_BUILD_DIR}/${FRAMEWORKS_FOLDER_PATH}/RxSwift.framework",
				"${TARGET_BUILD_DIR}/${FRAMEWORKS_FOLDER_PATH}/RxBlocking.framework",
				"${TARGET_BUILD_DIR}/${FRAMEWORKS_FOLDER_PATH}/RxTest.framework",
			);
			runOnlyForDeploymentPostprocessing = 0;
			shellPath = /bin/sh;
			shellScript = "\"${SRCROOT}/Pods/Target Support Files/Pods-FRPApplicationTests/Pods-FRPApplicationTests-frameworks.sh\"\n";
			showEnvVarsInLog = 0;
		};
		D3723C6638A48D07808DCED9 /* [CP] Check Pods Manifest.lock */ = {
			isa = PBXShellScriptBuildPhase;
			buildActionMask = 2147483647;
			files = (
			);
			inputFileListPaths = (
			);
			inputPaths = (
				"${PODS_PODFILE_DIR_PATH}/Podfile.lock",
				"${PODS_ROOT}/Manifest.lock",
			);
			name = "[CP] Check Pods Manifest.lock";
			outputFileListPaths = (
			);
			outputPaths = (
				"$(DERIVED_FILE_DIR)/Pods-FRPApplicationTests-checkManifestLockResult.txt",
			);
			runOnlyForDeploymentPostprocessing = 0;
			shellPath = /bin/sh;
			shellScript = "diff \"${PODS_PODFILE_DIR_PATH}/Podfile.lock\" \"${PODS_ROOT}/Manifest.lock\" > /dev/null\nif [ $? != 0 ] ; then\n    # print error to STDERR\n    echo \"error: The sandbox is not in sync with the Podfile.lock. Run 'pod install' or update your CocoaPods installation.\" >&2\n    exit 1\nfi\n# This output is used by Xcode 'outputs' to avoid re-running this script phase.\necho \"SUCCESS\" > \"${SCRIPT_OUTPUT_FILE_0}\"\n";
			showEnvVarsInLog = 0;
		};
		F54D6ED9F3DB6A9A09030EDC /* [CP] Check Pods Manifest.lock */ = {
			isa = PBXShellScriptBuildPhase;
			buildActionMask = 2147483647;
			files = (
			);
			inputFileListPaths = (
			);
			inputPaths = (
				"${PODS_PODFILE_DIR_PATH}/Podfile.lock",
				"${PODS_ROOT}/Manifest.lock",
			);
			name = "[CP] Check Pods Manifest.lock";
			outputFileListPaths = (
			);
			outputPaths = (
				"$(DERIVED_FILE_DIR)/Pods-FRPApplicationUITests-checkManifestLockResult.txt",
			);
			runOnlyForDeploymentPostprocessing = 0;
			shellPath = /bin/sh;
			shellScript = "diff \"${PODS_PODFILE_DIR_PATH}/Podfile.lock\" \"${PODS_ROOT}/Manifest.lock\" > /dev/null\nif [ $? != 0 ] ; then\n    # print error to STDERR\n    echo \"error: The sandbox is not in sync with the Podfile.lock. Run 'pod install' or update your CocoaPods installation.\" >&2\n    exit 1\nfi\n# This output is used by Xcode 'outputs' to avoid re-running this script phase.\necho \"SUCCESS\" > \"${SCRIPT_OUTPUT_FILE_0}\"\n";
			showEnvVarsInLog = 0;
		};
		FC9AEE39AF9093FC2DA046DE /* [CP] Check Pods Manifest.lock */ = {
			isa = PBXShellScriptBuildPhase;
			buildActionMask = 2147483647;
			files = (
			);
			inputFileListPaths = (
			);
			inputPaths = (
				"${PODS_PODFILE_DIR_PATH}/Podfile.lock",
				"${PODS_ROOT}/Manifest.lock",
			);
			name = "[CP] Check Pods Manifest.lock";
			outputFileListPaths = (
			);
			outputPaths = (
				"$(DERIVED_FILE_DIR)/Pods-FRPApplication-checkManifestLockResult.txt",
			);
			runOnlyForDeploymentPostprocessing = 0;
			shellPath = /bin/sh;
			shellScript = "diff \"${PODS_PODFILE_DIR_PATH}/Podfile.lock\" \"${PODS_ROOT}/Manifest.lock\" > /dev/null\nif [ $? != 0 ] ; then\n    # print error to STDERR\n    echo \"error: The sandbox is not in sync with the Podfile.lock. Run 'pod install' or update your CocoaPods installation.\" >&2\n    exit 1\nfi\n# This output is used by Xcode 'outputs' to avoid re-running this script phase.\necho \"SUCCESS\" > \"${SCRIPT_OUTPUT_FILE_0}\"\n";
			showEnvVarsInLog = 0;
		};
/* End PBXShellScriptBuildPhase section */

/* Begin PBXSourcesBuildPhase section */
		BCF3E5F7218F982100EDF773 /* Sources */ = {
			isa = PBXSourcesBuildPhase;
			buildActionMask = 2147483647;
			files = (
				BCF3E601218F982100EDF773 /* ViewController.swift in Sources */,
				BCF3E5FF218F982100EDF773 /* AppDelegate.swift in Sources */,
				BCF3E62D218F9CD200EDF773 /* LoginViewModel.swift in Sources */,
			);
			runOnlyForDeploymentPostprocessing = 0;
		};
		BCF3E60B218F982400EDF773 /* Sources */ = {
			isa = PBXSourcesBuildPhase;
			buildActionMask = 2147483647;
			files = (
				BCF3E614218F982400EDF773 /* FRPApplicationTests.swift in Sources */,
			);
			runOnlyForDeploymentPostprocessing = 0;
		};
		BCF3E616218F982400EDF773 /* Sources */ = {
			isa = PBXSourcesBuildPhase;
			buildActionMask = 2147483647;
			files = (
				BCF3E61F218F982400EDF773 /* FRPApplicationUITests.swift in Sources */,
			);
			runOnlyForDeploymentPostprocessing = 0;
		};
/* End PBXSourcesBuildPhase section */

/* Begin PBXTargetDependency section */
		BCF3E611218F982400EDF773 /* PBXTargetDependency */ = {
			isa = PBXTargetDependency;
			target = BCF3E5FA218F982100EDF773 /* FRPApplication */;
			targetProxy = BCF3E610218F982400EDF773 /* PBXContainerItemProxy */;
		};
		BCF3E61C218F982400EDF773 /* PBXTargetDependency */ = {
			isa = PBXTargetDependency;
			target = BCF3E5FA218F982100EDF773 /* FRPApplication */;
			targetProxy = BCF3E61B218F982400EDF773 /* PBXContainerItemProxy */;
		};
/* End PBXTargetDependency section */

/* Begin PBXVariantGroup section */
		BCF3E602218F982100EDF773 /* Main.storyboard */ = {
			isa = PBXVariantGroup;
			children = (
				BCF3E603218F982100EDF773 /* Base */,
			);
			name = Main.storyboard;
			sourceTree = "<group>";
		};
		BCF3E607218F982400EDF773 /* LaunchScreen.storyboard */ = {
			isa = PBXVariantGroup;
			children = (
				BCF3E608218F982400EDF773 /* Base */,
			);
			name = LaunchScreen.storyboard;
			sourceTree = "<group>";
		};
/* End PBXVariantGroup section */

/* Begin XCBuildConfiguration section */
		BCF3E621218F982400EDF773 /* Debug */ = {
			isa = XCBuildConfiguration;
			buildSettings = {
				ALWAYS_SEARCH_USER_PATHS = NO;
				CLANG_ANALYZER_NONNULL = YES;
				CLANG_ANALYZER_NUMBER_OBJECT_CONVERSION = YES_AGGRESSIVE;
				CLANG_CXX_LANGUAGE_STANDARD = "gnu++14";
				CLANG_CXX_LIBRARY = "libc++";
				CLANG_ENABLE_MODULES = YES;
				CLANG_ENABLE_OBJC_ARC = YES;
				CLANG_ENABLE_OBJC_WEAK = YES;
				CLANG_WARN_BLOCK_CAPTURE_AUTORELEASING = YES;
				CLANG_WARN_BOOL_CONVERSION = YES;
				CLANG_WARN_COMMA = YES;
				CLANG_WARN_CONSTANT_CONVERSION = YES;
				CLANG_WARN_DEPRECATED_OBJC_IMPLEMENTATIONS = YES;
				CLANG_WARN_DIRECT_OBJC_ISA_USAGE = YES_ERROR;
				CLANG_WARN_DOCUMENTATION_COMMENTS = YES;
				CLANG_WARN_EMPTY_BODY = YES;
				CLANG_WARN_ENUM_CONVERSION = YES;
				CLANG_WARN_INFINITE_RECURSION = YES;
				CLANG_WARN_INT_CONVERSION = YES;
				CLANG_WARN_NON_LITERAL_NULL_CONVERSION = YES;
				CLANG_WARN_OBJC_IMPLICIT_RETAIN_SELF = YES;
				CLANG_WARN_OBJC_LITERAL_CONVERSION = YES;
				CLANG_WARN_OBJC_ROOT_CLASS = YES_ERROR;
				CLANG_WARN_RANGE_LOOP_ANALYSIS = YES;
				CLANG_WARN_STRICT_PROTOTYPES = YES;
				CLANG_WARN_SUSPICIOUS_MOVE = YES;
				CLANG_WARN_UNGUARDED_AVAILABILITY = YES_AGGRESSIVE;
				CLANG_WARN_UNREACHABLE_CODE = YES;
				CLANG_WARN__DUPLICATE_METHOD_MATCH = YES;
				CODE_SIGN_IDENTITY = "iPhone Developer";
				COPY_PHASE_STRIP = NO;
				DEBUG_INFORMATION_FORMAT = dwarf;
				ENABLE_STRICT_OBJC_MSGSEND = YES;
				ENABLE_TESTABILITY = YES;
				GCC_C_LANGUAGE_STANDARD = gnu11;
				GCC_DYNAMIC_NO_PIC = NO;
				GCC_NO_COMMON_BLOCKS = YES;
				GCC_OPTIMIZATION_LEVEL = 0;
				GCC_PREPROCESSOR_DEFINITIONS = (
					"DEBUG=1",
					"$(inherited)",
				);
				GCC_WARN_64_TO_32_BIT_CONVERSION = YES;
				GCC_WARN_ABOUT_RETURN_TYPE = YES_ERROR;
				GCC_WARN_UNDECLARED_SELECTOR = YES;
				GCC_WARN_UNINITIALIZED_AUTOS = YES_AGGRESSIVE;
				GCC_WARN_UNUSED_FUNCTION = YES;
				GCC_WARN_UNUSED_VARIABLE = YES;
				IPHONEOS_DEPLOYMENT_TARGET = 12.0;
				MTL_ENABLE_DEBUG_INFO = INCLUDE_SOURCE;
				MTL_FAST_MATH = YES;
				ONLY_ACTIVE_ARCH = YES;
				SDKROOT = iphoneos;
				SWIFT_ACTIVE_COMPILATION_CONDITIONS = DEBUG;
				SWIFT_OPTIMIZATION_LEVEL = "-Onone";
			};
			name = Debug;
		};
		BCF3E622218F982400EDF773 /* Release */ = {
			isa = XCBuildConfiguration;
			buildSettings = {
				ALWAYS_SEARCH_USER_PATHS = NO;
				CLANG_ANALYZER_NONNULL = YES;
				CLANG_ANALYZER_NUMBER_OBJECT_CONVERSION = YES_AGGRESSIVE;
				CLANG_CXX_LANGUAGE_STANDARD = "gnu++14";
				CLANG_CXX_LIBRARY = "libc++";
				CLANG_ENABLE_MODULES = YES;
				CLANG_ENABLE_OBJC_ARC = YES;
				CLANG_ENABLE_OBJC_WEAK = YES;
				CLANG_WARN_BLOCK_CAPTURE_AUTORELEASING = YES;
				CLANG_WARN_BOOL_CONVERSION = YES;
				CLANG_WARN_COMMA = YES;
				CLANG_WARN_CONSTANT_CONVERSION = YES;
				CLANG_WARN_DEPRECATED_OBJC_IMPLEMENTATIONS = YES;
				CLANG_WARN_DIRECT_OBJC_ISA_USAGE = YES_ERROR;
				CLANG_WARN_DOCUMENTATION_COMMENTS = YES;
				CLANG_WARN_EMPTY_BODY = YES;
				CLANG_WARN_ENUM_CONVERSION = YES;
				CLANG_WARN_INFINITE_RECURSION = YES;
				CLANG_WARN_INT_CONVERSION = YES;
				CLANG_WARN_NON_LITERAL_NULL_CONVERSION = YES;
				CLANG_WARN_OBJC_IMPLICIT_RETAIN_SELF = YES;
				CLANG_WARN_OBJC_LITERAL_CONVERSION = YES;
				CLANG_WARN_OBJC_ROOT_CLASS = YES_ERROR;
				CLANG_WARN_RANGE_LOOP_ANALYSIS = YES;
				CLANG_WARN_STRICT_PROTOTYPES = YES;
				CLANG_WARN_SUSPICIOUS_MOVE = YES;
				CLANG_WARN_UNGUARDED_AVAILABILITY = YES_AGGRESSIVE;
				CLANG_WARN_UNREACHABLE_CODE = YES;
				CLANG_WARN__DUPLICATE_METHOD_MATCH = YES;
				CODE_SIGN_IDENTITY = "iPhone Developer";
				COPY_PHASE_STRIP = NO;
				DEBUG_INFORMATION_FORMAT = "dwarf-with-dsym";
				ENABLE_NS_ASSERTIONS = NO;
				ENABLE_STRICT_OBJC_MSGSEND = YES;
				GCC_C_LANGUAGE_STANDARD = gnu11;
				GCC_NO_COMMON_BLOCKS = YES;
				GCC_WARN_64_TO_32_BIT_CONVERSION = YES;
				GCC_WARN_ABOUT_RETURN_TYPE = YES_ERROR;
				GCC_WARN_UNDECLARED_SELECTOR = YES;
				GCC_WARN_UNINITIALIZED_AUTOS = YES_AGGRESSIVE;
				GCC_WARN_UNUSED_FUNCTION = YES;
				GCC_WARN_UNUSED_VARIABLE = YES;
				IPHONEOS_DEPLOYMENT_TARGET = 12.0;
				MTL_ENABLE_DEBUG_INFO = NO;
				MTL_FAST_MATH = YES;
				SDKROOT = iphoneos;
				SWIFT_COMPILATION_MODE = wholemodule;
				SWIFT_OPTIMIZATION_LEVEL = "-O";
				VALIDATE_PRODUCT = YES;
			};
			name = Release;
		};
		BCF3E624218F982400EDF773 /* Debug */ = {
			isa = XCBuildConfiguration;
			baseConfigurationReference = 4FAEED93A0D21E8C0E2B440D /* Pods-FRPApplication.debug.xcconfig */;
			buildSettings = {
				ALWAYS_EMBED_SWIFT_STANDARD_LIBRARIES = "$(inherited)";
				ASSETCATALOG_COMPILER_APPICON_NAME = AppIcon;
				CODE_SIGN_STYLE = Automatic;
				INFOPLIST_FILE = FRPApplication/Info.plist;
				LD_RUNPATH_SEARCH_PATHS = (
					"$(inherited)",
					"@executable_path/Frameworks",
				);
				PRODUCT_BUNDLE_IDENTIFIER = com.KarimEbrahem.FRPApplication;
				PRODUCT_NAME = "$(TARGET_NAME)";
				SWIFT_VERSION = 4.2;
				TARGETED_DEVICE_FAMILY = "1,2";
			};
			name = Debug;
		};
		BCF3E625218F982400EDF773 /* Release */ = {
			isa = XCBuildConfiguration;
			baseConfigurationReference = 2687DB0C02F7673BE6B61936 /* Pods-FRPApplication.release.xcconfig */;
			buildSettings = {
				ALWAYS_EMBED_SWIFT_STANDARD_LIBRARIES = "$(inherited)";
				ASSETCATALOG_COMPILER_APPICON_NAME = AppIcon;
				CODE_SIGN_STYLE = Automatic;
				INFOPLIST_FILE = FRPApplication/Info.plist;
				LD_RUNPATH_SEARCH_PATHS = (
					"$(inherited)",
					"@executable_path/Frameworks",
				);
				PRODUCT_BUNDLE_IDENTIFIER = com.KarimEbrahem.FRPApplication;
				PRODUCT_NAME = "$(TARGET_NAME)";
				SWIFT_VERSION = 4.2;
				TARGETED_DEVICE_FAMILY = "1,2";
			};
			name = Release;
		};
		BCF3E627218F982400EDF773 /* Debug */ = {
			isa = XCBuildConfiguration;
			baseConfigurationReference = E26E483FC1A7F26E9949456E /* Pods-FRPApplicationTests.debug.xcconfig */;
			buildSettings = {
				ALWAYS_EMBED_SWIFT_STANDARD_LIBRARIES = YES;
				BUNDLE_LOADER = "$(TEST_HOST)";
				CODE_SIGN_STYLE = Automatic;
				INFOPLIST_FILE = FRPApplicationTests/Info.plist;
				LD_RUNPATH_SEARCH_PATHS = (
					"$(inherited)",
					"@executable_path/Frameworks",
					"@loader_path/Frameworks",
				);
				PRODUCT_BUNDLE_IDENTIFIER = com.KarimEbrahem.FRPApplicationTests;
				PRODUCT_NAME = "$(TARGET_NAME)";
				SWIFT_VERSION = 4.2;
				TARGETED_DEVICE_FAMILY = "1,2";
				TEST_HOST = "$(BUILT_PRODUCTS_DIR)/FRPApplication.app/FRPApplication";
			};
			name = Debug;
		};
		BCF3E628218F982400EDF773 /* Release */ = {
			isa = XCBuildConfiguration;
			baseConfigurationReference = 7638FDC717664B0793B34C7B /* Pods-FRPApplicationTests.release.xcconfig */;
			buildSettings = {
				ALWAYS_EMBED_SWIFT_STANDARD_LIBRARIES = YES;
				BUNDLE_LOADER = "$(TEST_HOST)";
				CODE_SIGN_STYLE = Automatic;
				INFOPLIST_FILE = FRPApplicationTests/Info.plist;
				LD_RUNPATH_SEARCH_PATHS = (
					"$(inherited)",
					"@executable_path/Frameworks",
					"@loader_path/Frameworks",
				);
				PRODUCT_BUNDLE_IDENTIFIER = com.KarimEbrahem.FRPApplicationTests;
				PRODUCT_NAME = "$(TARGET_NAME)";
				SWIFT_VERSION = 4.2;
				TARGETED_DEVICE_FAMILY = "1,2";
				TEST_HOST = "$(BUILT_PRODUCTS_DIR)/FRPApplication.app/FRPApplication";
			};
			name = Release;
		};
		BCF3E62A218F982400EDF773 /* Debug */ = {
			isa = XCBuildConfiguration;
			baseConfigurationReference = CA38D7955F9A3AD1E01E1B31 /* Pods-FRPApplicationUITests.debug.xcconfig */;
			buildSettings = {
				ALWAYS_EMBED_SWIFT_STANDARD_LIBRARIES = YES;
				CODE_SIGN_STYLE = Automatic;
				INFOPLIST_FILE = FRPApplicationUITests/Info.plist;
				LD_RUNPATH_SEARCH_PATHS = (
					"$(inherited)",
					"@executable_path/Frameworks",
					"@loader_path/Frameworks",
				);
				PRODUCT_BUNDLE_IDENTIFIER = com.KarimEbrahem.FRPApplicationUITests;
				PRODUCT_NAME = "$(TARGET_NAME)";
				SWIFT_VERSION = 4.2;
				TARGETED_DEVICE_FAMILY = "1,2";
				TEST_TARGET_NAME = FRPApplication;
			};
			name = Debug;
		};
		BCF3E62B218F982400EDF773 /* Release */ = {
			isa = XCBuildConfiguration;
			baseConfigurationReference = E8DB6A2A0B58532080010FFC /* Pods-FRPApplicationUITests.release.xcconfig */;
			buildSettings = {
				ALWAYS_EMBED_SWIFT_STANDARD_LIBRARIES = YES;
				CODE_SIGN_STYLE = Automatic;
				INFOPLIST_FILE = FRPApplicationUITests/Info.plist;
				LD_RUNPATH_SEARCH_PATHS = (
					"$(inherited)",
					"@executable_path/Frameworks",
					"@loader_path/Frameworks",
				);
				PRODUCT_BUNDLE_IDENTIFIER = com.KarimEbrahem.FRPApplicationUITests;
				PRODUCT_NAME = "$(TARGET_NAME)";
				SWIFT_VERSION = 4.2;
				TARGETED_DEVICE_FAMILY = "1,2";
				TEST_TARGET_NAME = FRPApplication;
			};
			name = Release;
		};
/* End XCBuildConfiguration section */

/* Begin XCConfigurationList section */
		BCF3E5F6218F982100EDF773 /* Build configuration list for PBXProject "FRPApplication" */ = {
			isa = XCConfigurationList;
			buildConfigurations = (
				BCF3E621218F982400EDF773 /* Debug */,
				BCF3E622218F982400EDF773 /* Release */,
			);
			defaultConfigurationIsVisible = 0;
			defaultConfigurationName = Release;
		};
		BCF3E623218F982400EDF773 /* Build configuration list for PBXNativeTarget "FRPApplication" */ = {
			isa = XCConfigurationList;
			buildConfigurations = (
				BCF3E624218F982400EDF773 /* Debug */,
				BCF3E625218F982400EDF773 /* Release */,
			);
			defaultConfigurationIsVisible = 0;
			defaultConfigurationName = Release;
		};
		BCF3E626218F982400EDF773 /* Build configuration list for PBXNativeTarget "FRPApplicationTests" */ = {
			isa = XCConfigurationList;
			buildConfigurations = (
				BCF3E627218F982400EDF773 /* Debug */,
				BCF3E628218F982400EDF773 /* Release */,
			);
			defaultConfigurationIsVisible = 0;
			defaultConfigurationName = Release;
		};
		BCF3E629218F982400EDF773 /* Build configuration list for PBXNativeTarget "FRPApplicationUITests" */ = {
			isa = XCConfigurationList;
			buildConfigurations = (
				BCF3E62A218F982400EDF773 /* Debug */,
				BCF3E62B218F982400EDF773 /* Release */,
			);
			defaultConfigurationIsVisible = 0;
			defaultConfigurationName = Release;
		};
/* End XCConfigurationList section */
	};
	rootObject = BCF3E5F3218F982100EDF773 /* Project object */;
}
